// !$*UTF8*$!
{
	archiveVersion = 1;
	classes = {
	};
	objectVersion = 56;
	objects = {

/* Begin PBXBuildFile section */
		7569792A2C2927E200705A5E /* CalculationManager.swift in Sources */ = {isa = PBXBuildFile; fileRef = 756979292C2927E200705A5E /* CalculationManager.swift */; };
		7569792C2C29287D00705A5E /* CalculationResultManager.swift in Sources */ = {isa = PBXBuildFile; fileRef = 7569792B2C29287D00705A5E /* CalculationResultManager.swift */; };
		75A5CCD92C2D2645006F7CA3 /* CalView.swift in Sources */ = {isa = PBXBuildFile; fileRef = 75A5CCD82C2D2645006F7CA3 /* CalView.swift */; };
		75A5CCDB2C2D28A2006F7CA3 /* CalModel.swift in Sources */ = {isa = PBXBuildFile; fileRef = 75A5CCDA2C2D28A2006F7CA3 /* CalModel.swift */; };
		75B400CD2C27D4F00083A63D /* CalculationInputDelegate.swift in Sources */ = {isa = PBXBuildFile; fileRef = 75B400CC2C27D4F00083A63D /* CalculationInputDelegate.swift */; };
		75CEDEAE2C26B30600E08236 /* AppDelegate.swift in Sources */ = {isa = PBXBuildFile; fileRef = 75CEDEAD2C26B30600E08236 /* AppDelegate.swift */; };
		75CEDEB02C26B30600E08236 /* SceneDelegate.swift in Sources */ = {isa = PBXBuildFile; fileRef = 75CEDEAF2C26B30600E08236 /* SceneDelegate.swift */; };
		75CEDEB52C26B30600E08236 /* Base in Resources */ = {isa = PBXBuildFile; fileRef = 75CEDEB42C26B30600E08236 /* Base */; };
		75CEDEB72C26B30A00E08236 /* Assets.xcassets in Resources */ = {isa = PBXBuildFile; fileRef = 75CEDEB62C26B30A00E08236 /* Assets.xcassets */; };
		75CEDEBA2C26B30A00E08236 /* Base in Resources */ = {isa = PBXBuildFile; fileRef = 75CEDEB92C26B30A00E08236 /* Base */; };
		75CEDEC32C27047C00E08236 /* OperationProtocol.swift in Sources */ = {isa = PBXBuildFile; fileRef = 75CEDEC22C27047C00E08236 /* OperationProtocol.swift */; };
		75CEDECD2C2725F700E08236 /* ViewController.swift in Sources */ = {isa = PBXBuildFile; fileRef = 75CEDECC2C2725F700E08236 /* ViewController.swift */; };
		75CEDED22C272C1900E08236 /* CircleUIButton.swift in Sources */ = {isa = PBXBuildFile; fileRef = 75CEDED12C272C1900E08236 /* CircleUIButton.swift */; };
/* End PBXBuildFile section */

/* Begin PBXFileReference section */
		756979292C2927E200705A5E /* CalculationManager.swift */ = {isa = PBXFileReference; lastKnownFileType = sourcecode.swift; path = CalculationManager.swift; sourceTree = "<group>"; };
		7569792B2C29287D00705A5E /* CalculationResultManager.swift */ = {isa = PBXFileReference; lastKnownFileType = sourcecode.swift; path = CalculationResultManager.swift; sourceTree = "<group>"; };
		75A5CCD82C2D2645006F7CA3 /* CalView.swift */ = {isa = PBXFileReference; lastKnownFileType = sourcecode.swift; path = CalView.swift; sourceTree = "<group>"; };
		75A5CCDA2C2D28A2006F7CA3 /* CalModel.swift */ = {isa = PBXFileReference; lastKnownFileType = sourcecode.swift; path = CalModel.swift; sourceTree = "<group>"; };
		75B400CC2C27D4F00083A63D /* CalculationInputDelegate.swift */ = {isa = PBXFileReference; lastKnownFileType = sourcecode.swift; path = CalculationInputDelegate.swift; sourceTree = "<group>"; };
		75CEDEAA2C26B30600E08236 /* CalculatorProject.app */ = {isa = PBXFileReference; explicitFileType = wrapper.application; includeInIndex = 0; path = CalculatorProject.app; sourceTree = BUILT_PRODUCTS_DIR; };
		75CEDEAD2C26B30600E08236 /* AppDelegate.swift */ = {isa = PBXFileReference; lastKnownFileType = sourcecode.swift; path = AppDelegate.swift; sourceTree = "<group>"; };
		75CEDEAF2C26B30600E08236 /* SceneDelegate.swift */ = {isa = PBXFileReference; lastKnownFileType = sourcecode.swift; path = SceneDelegate.swift; sourceTree = "<group>"; };
		75CEDEB42C26B30600E08236 /* Base */ = {isa = PBXFileReference; lastKnownFileType = file.storyboard; name = Base; path = Base.lproj/Main.storyboard; sourceTree = "<group>"; };
		75CEDEB62C26B30A00E08236 /* Assets.xcassets */ = {isa = PBXFileReference; lastKnownFileType = folder.assetcatalog; path = Assets.xcassets; sourceTree = "<group>"; };
		75CEDEB92C26B30A00E08236 /* Base */ = {isa = PBXFileReference; lastKnownFileType = file.storyboard; name = Base; path = Base.lproj/LaunchScreen.storyboard; sourceTree = "<group>"; };
		75CEDEBB2C26B30A00E08236 /* Info.plist */ = {isa = PBXFileReference; lastKnownFileType = text.plist.xml; path = Info.plist; sourceTree = "<group>"; };
		75CEDEC22C27047C00E08236 /* OperationProtocol.swift */ = {isa = PBXFileReference; lastKnownFileType = sourcecode.swift; path = OperationProtocol.swift; sourceTree = "<group>"; };
		75CEDECC2C2725F700E08236 /* ViewController.swift */ = {isa = PBXFileReference; lastKnownFileType = sourcecode.swift; path = ViewController.swift; sourceTree = "<group>"; };
		75CEDED12C272C1900E08236 /* CircleUIButton.swift */ = {isa = PBXFileReference; lastKnownFileType = sourcecode.swift; path = CircleUIButton.swift; sourceTree = "<group>"; };
/* End PBXFileReference section */

/* Begin PBXFrameworksBuildPhase section */
		75CEDEA72C26B30600E08236 /* Frameworks */ = {
			isa = PBXFrameworksBuildPhase;
			buildActionMask = 2147483647;
			files = (
			);
			runOnlyForDeploymentPostprocessing = 0;
		};
/* End PBXFrameworksBuildPhase section */

/* Begin PBXGroup section */
		75A5CC9F2C2C7874006F7CA3 /* StoryBoard */ = {
			isa = PBXGroup;
			children = (
				75CEDEC22C27047C00E08236 /* OperationProtocol.swift */,
				75B400CC2C27D4F00083A63D /* CalculationInputDelegate.swift */,
				756979292C2927E200705A5E /* CalculationManager.swift */,
				7569792B2C29287D00705A5E /* CalculationResultManager.swift */,
			);
			path = StoryBoard;
			sourceTree = "<group>";
		};
		75A5CCD52C2D2612006F7CA3 /* CodeBase */ = {
			isa = PBXGroup;
			children = (
				75A5CCD72C2D262A006F7CA3 /* View */,
				75A5CCD62C2D261C006F7CA3 /* Model */,
			);
			path = CodeBase;
			sourceTree = "<group>";
		};
		75A5CCD62C2D261C006F7CA3 /* Model */ = {
			isa = PBXGroup;
			children = (
				75A5CCDA2C2D28A2006F7CA3 /* CalModel.swift */,
			);
			path = Model;
			sourceTree = "<group>";
		};
		75A5CCD72C2D262A006F7CA3 /* View */ = {
			isa = PBXGroup;
			children = (
				75A5CCD82C2D2645006F7CA3 /* CalView.swift */,
			);
			path = View;
			sourceTree = "<group>";
		};
		75CEDEA12C26B30600E08236 = {
			isa = PBXGroup;
			children = (
				75A5CCD52C2D2612006F7CA3 /* CodeBase */,
				75CEDEAC2C26B30600E08236 /* CalculatorProject */,
				75CEDEAB2C26B30600E08236 /* Products */,
			);
			sourceTree = "<group>";
		};
		75CEDEAB2C26B30600E08236 /* Products */ = {
			isa = PBXGroup;
			children = (
				75CEDEAA2C26B30600E08236 /* CalculatorProject.app */,
			);
			name = Products;
			sourceTree = "<group>";
		};
		75CEDEAC2C26B30600E08236 /* CalculatorProject */ = {
			isa = PBXGroup;
			children = (
				75CEDEAD2C26B30600E08236 /* AppDelegate.swift */,
				75CEDEAF2C26B30600E08236 /* SceneDelegate.swift */,
				75CEDED02C272BE900E08236 /* Extension */,
				75CEDECB2C27192A00E08236 /* View */,
				75CEDECA2C27187E00E08236 /* Controller */,
				75CEDEC12C27046300E08236 /* Models */,
				75CEDEB62C26B30A00E08236 /* Assets.xcassets */,
				75CEDEB82C26B30A00E08236 /* LaunchScreen.storyboard */,
				75CEDEBB2C26B30A00E08236 /* Info.plist */,
			);
			path = CalculatorProject;
			sourceTree = "<group>";
		};
		75CEDEC12C27046300E08236 /* Models */ = {
			isa = PBXGroup;
			children = (
				75A5CC9F2C2C7874006F7CA3 /* StoryBoard */,
			);
			path = Models;
			sourceTree = "<group>";
		};
		75CEDECA2C27187E00E08236 /* Controller */ = {
			isa = PBXGroup;
			children = (
				75CEDECC2C2725F700E08236 /* ViewController.swift */,
			);
			path = Controller;
			sourceTree = "<group>";
		};
		75CEDECB2C27192A00E08236 /* View */ = {
			isa = PBXGroup;
			children = (
				75CEDEB32C26B30600E08236 /* Main.storyboard */,
			);
			path = View;
			sourceTree = "<group>";
		};
		75CEDED02C272BE900E08236 /* Extension */ = {
			isa = PBXGroup;
			children = (
				75CEDED12C272C1900E08236 /* CircleUIButton.swift */,
			);
			path = Extension;
			sourceTree = "<group>";
		};
/* End PBXGroup section */

/* Begin PBXNativeTarget section */
		75CEDEA92C26B30600E08236 /* CalculatorProject */ = {
			isa = PBXNativeTarget;
			buildConfigurationList = 75CEDEBE2C26B30B00E08236 /* Build configuration list for PBXNativeTarget "CalculatorProject" */;
			buildPhases = (
				75CEDEA62C26B30600E08236 /* Sources */,
				75CEDEA72C26B30600E08236 /* Frameworks */,
				75CEDEA82C26B30600E08236 /* Resources */,
			);
			buildRules = (
			);
			dependencies = (
			);
			name = CalculatorProject;
			productName = CalculatorProject;
			productReference = 75CEDEAA2C26B30600E08236 /* CalculatorProject.app */;
			productType = "com.apple.product-type.application";
		};
/* End PBXNativeTarget section */

/* Begin PBXProject section */
		75CEDEA22C26B30600E08236 /* Project object */ = {
			isa = PBXProject;
			attributes = {
				BuildIndependentTargetsInParallel = 1;
				LastSwiftUpdateCheck = 1540;
				LastUpgradeCheck = 1540;
				TargetAttributes = {
					75CEDEA92C26B30600E08236 = {
						CreatedOnToolsVersion = 15.4;
					};
				};
			};
			buildConfigurationList = 75CEDEA52C26B30600E08236 /* Build configuration list for PBXProject "CalculatorProject" */;
			compatibilityVersion = "Xcode 14.0";
			developmentRegion = en;
			hasScannedForEncodings = 0;
			knownRegions = (
				en,
				Base,
			);
			mainGroup = 75CEDEA12C26B30600E08236;
			productRefGroup = 75CEDEAB2C26B30600E08236 /* Products */;
			projectDirPath = "";
			projectRoot = "";
			targets = (
				75CEDEA92C26B30600E08236 /* CalculatorProject */,
			);
		};
/* End PBXProject section */

/* Begin PBXResourcesBuildPhase section */
		75CEDEA82C26B30600E08236 /* Resources */ = {
			isa = PBXResourcesBuildPhase;
			buildActionMask = 2147483647;
			files = (
				75CEDEB72C26B30A00E08236 /* Assets.xcassets in Resources */,
				75CEDEBA2C26B30A00E08236 /* Base in Resources */,
				75CEDEB52C26B30600E08236 /* Base in Resources */,
			);
			runOnlyForDeploymentPostprocessing = 0;
		};
/* End PBXResourcesBuildPhase section */

/* Begin PBXSourcesBuildPhase section */
		75CEDEA62C26B30600E08236 /* Sources */ = {
			isa = PBXSourcesBuildPhase;
			buildActionMask = 2147483647;
			files = (
				75A5CCDB2C2D28A2006F7CA3 /* CalModel.swift in Sources */,
				75CEDEC32C27047C00E08236 /* OperationProtocol.swift in Sources */,
				75A5CCD92C2D2645006F7CA3 /* CalView.swift in Sources */,
				75CEDED22C272C1900E08236 /* CircleUIButton.swift in Sources */,
				75CEDECD2C2725F700E08236 /* ViewController.swift in Sources */,
				7569792C2C29287D00705A5E /* CalculationResultManager.swift in Sources */,
				75CEDEAE2C26B30600E08236 /* AppDelegate.swift in Sources */,
				7569792A2C2927E200705A5E /* CalculationManager.swift in Sources */,
				75B400CD2C27D4F00083A63D /* CalculationInputDelegate.swift in Sources */,
				75CEDEB02C26B30600E08236 /* SceneDelegate.swift in Sources */,
			);
			runOnlyForDeploymentPostprocessing = 0;
		};
/* End PBXSourcesBuildPhase section */

/* Begin PBXVariantGroup section */
		75CEDEB32C26B30600E08236 /* Main.storyboard */ = {
			isa = PBXVariantGroup;
			children = (
				75CEDEB42C26B30600E08236 /* Base */,
			);
			name = Main.storyboard;
			sourceTree = "<group>";
		};
		75CEDEB82C26B30A00E08236 /* LaunchScreen.storyboard */ = {
			isa = PBXVariantGroup;
			children = (
				75CEDEB92C26B30A00E08236 /* Base */,
			);
			name = LaunchScreen.storyboard;
			sourceTree = "<group>";
		};
/* End PBXVariantGroup section */

/* Begin XCBuildConfiguration section */
		75CEDEBC2C26B30B00E08236 /* Debug */ = {
			isa = XCBuildConfiguration;
			buildSettings = {
				ALWAYS_SEARCH_USER_PATHS = NO;
				ASSETCATALOG_COMPILER_GENERATE_SWIFT_ASSET_SYMBOL_EXTENSIONS = YES;
				CLANG_ANALYZER_NONNULL = YES;
				CLANG_ANALYZER_NUMBER_OBJECT_CONVERSION = YES_AGGRESSIVE;
				CLANG_CXX_LANGUAGE_STANDARD = "gnu++20";
				CLANG_ENABLE_MODULES = YES;
				CLANG_ENABLE_OBJC_ARC = YES;
				CLANG_ENABLE_OBJC_WEAK = YES;
				CLANG_WARN_BLOCK_CAPTURE_AUTORELEASING = YES;
				CLANG_WARN_BOOL_CONVERSION = YES;
				CLANG_WARN_COMMA = YES;
				CLANG_WARN_CONSTANT_CONVERSION = YES;
				CLANG_WARN_DEPRECATED_OBJC_IMPLEMENTATIONS = YES;
				CLANG_WARN_DIRECT_OBJC_ISA_USAGE = YES_ERROR;
				CLANG_WARN_DOCUMENTATION_COMMENTS = YES;
				CLANG_WARN_EMPTY_BODY = YES;
				CLANG_WARN_ENUM_CONVERSION = YES;
				CLANG_WARN_INFINITE_RECURSION = YES;
				CLANG_WARN_INT_CONVERSION = YES;
				CLANG_WARN_NON_LITERAL_NULL_CONVERSION = YES;
				CLANG_WARN_OBJC_IMPLICIT_RETAIN_SELF = YES;
				CLANG_WARN_OBJC_LITERAL_CONVERSION = YES;
				CLANG_WARN_OBJC_ROOT_CLASS = YES_ERROR;
				CLANG_WARN_QUOTED_INCLUDE_IN_FRAMEWORK_HEADER = YES;
				CLANG_WARN_RANGE_LOOP_ANALYSIS = YES;
				CLANG_WARN_STRICT_PROTOTYPES = YES;
				CLANG_WARN_SUSPICIOUS_MOVE = YES;
				CLANG_WARN_UNGUARDED_AVAILABILITY = YES_AGGRESSIVE;
				CLANG_WARN_UNREACHABLE_CODE = YES;
				CLANG_WARN__DUPLICATE_METHOD_MATCH = YES;
				COPY_PHASE_STRIP = NO;
				DEBUG_INFORMATION_FORMAT = dwarf;
				ENABLE_STRICT_OBJC_MSGSEND = YES;
				ENABLE_TESTABILITY = YES;
				ENABLE_USER_SCRIPT_SANDBOXING = YES;
				GCC_C_LANGUAGE_STANDARD = gnu17;
				GCC_DYNAMIC_NO_PIC = NO;
				GCC_NO_COMMON_BLOCKS = YES;
				GCC_OPTIMIZATION_LEVEL = 0;
				GCC_PREPROCESSOR_DEFINITIONS = (
					"DEBUG=1",
					"$(inherited)",
				);
				GCC_WARN_64_TO_32_BIT_CONVERSION = YES;
				GCC_WARN_ABOUT_RETURN_TYPE = YES_ERROR;
				GCC_WARN_UNDECLARED_SELECTOR = YES;
				GCC_WARN_UNINITIALIZED_AUTOS = YES_AGGRESSIVE;
				GCC_WARN_UNUSED_FUNCTION = YES;
				GCC_WARN_UNUSED_VARIABLE = YES;
				IPHONEOS_DEPLOYMENT_TARGET = 17.5;
				LOCALIZATION_PREFERS_STRING_CATALOGS = YES;
				MTL_ENABLE_DEBUG_INFO = INCLUDE_SOURCE;
				MTL_FAST_MATH = YES;
				ONLY_ACTIVE_ARCH = YES;
				SDKROOT = iphoneos;
				SWIFT_ACTIVE_COMPILATION_CONDITIONS = "DEBUG $(inherited)";
				SWIFT_OPTIMIZATION_LEVEL = "-Onone";
			};
			name = Debug;
		};
		75CEDEBD2C26B30B00E08236 /* Release */ = {
			isa = XCBuildConfiguration;
			buildSettings = {
				ALWAYS_SEARCH_USER_PATHS = NO;
				ASSETCATALOG_COMPILER_GENERATE_SWIFT_ASSET_SYMBOL_EXTENSIONS = YES;
				CLANG_ANALYZER_NONNULL = YES;
				CLANG_ANALYZER_NUMBER_OBJECT_CONVERSION = YES_AGGRESSIVE;
				CLANG_CXX_LANGUAGE_STANDARD = "gnu++20";
				CLANG_ENABLE_MODULES = YES;
				CLANG_ENABLE_OBJC_ARC = YES;
				CLANG_ENABLE_OBJC_WEAK = YES;
				CLANG_WARN_BLOCK_CAPTURE_AUTORELEASING = YES;
				CLANG_WARN_BOOL_CONVERSION = YES;
				CLANG_WARN_COMMA = YES;
				CLANG_WARN_CONSTANT_CONVERSION = YES;
				CLANG_WARN_DEPRECATED_OBJC_IMPLEMENTATIONS = YES;
				CLANG_WARN_DIRECT_OBJC_ISA_USAGE = YES_ERROR;
				CLANG_WARN_DOCUMENTATION_COMMENTS = YES;
				CLANG_WARN_EMPTY_BODY = YES;
				CLANG_WARN_ENUM_CONVERSION = YES;
				CLANG_WARN_INFINITE_RECURSION = YES;
				CLANG_WARN_INT_CONVERSION = YES;
				CLANG_WARN_NON_LITERAL_NULL_CONVERSION = YES;
				CLANG_WARN_OBJC_IMPLICIT_RETAIN_SELF = YES;
				CLANG_WARN_OBJC_LITERAL_CONVERSION = YES;
				CLANG_WARN_OBJC_ROOT_CLASS = YES_ERROR;
				CLANG_WARN_QUOTED_INCLUDE_IN_FRAMEWORK_HEADER = YES;
				CLANG_WARN_RANGE_LOOP_ANALYSIS = YES;
				CLANG_WARN_STRICT_PROTOTYPES = YES;
				CLANG_WARN_SUSPICIOUS_MOVE = YES;
				CLANG_WARN_UNGUARDED_AVAILABILITY = YES_AGGRESSIVE;
				CLANG_WARN_UNREACHABLE_CODE = YES;
				CLANG_WARN__DUPLICATE_METHOD_MATCH = YES;
				COPY_PHASE_STRIP = NO;
				DEBUG_INFORMATION_FORMAT = "dwarf-with-dsym";
				ENABLE_NS_ASSERTIONS = NO;
				ENABLE_STRICT_OBJC_MSGSEND = YES;
				ENABLE_USER_SCRIPT_SANDBOXING = YES;
				GCC_C_LANGUAGE_STANDARD = gnu17;
				GCC_NO_COMMON_BLOCKS = YES;
				GCC_WARN_64_TO_32_BIT_CONVERSION = YES;
				GCC_WARN_ABOUT_RETURN_TYPE = YES_ERROR;
				GCC_WARN_UNDECLARED_SELECTOR = YES;
				GCC_WARN_UNINITIALIZED_AUTOS = YES_AGGRESSIVE;
				GCC_WARN_UNUSED_FUNCTION = YES;
				GCC_WARN_UNUSED_VARIABLE = YES;
				IPHONEOS_DEPLOYMENT_TARGET = 17.5;
				LOCALIZATION_PREFERS_STRING_CATALOGS = YES;
				MTL_ENABLE_DEBUG_INFO = NO;
				MTL_FAST_MATH = YES;
				SDKROOT = iphoneos;
				SWIFT_COMPILATION_MODE = wholemodule;
				VALIDATE_PRODUCT = YES;
			};
			name = Release;
		};
		75CEDEBF2C26B30B00E08236 /* Debug */ = {
			isa = XCBuildConfiguration;
			buildSettings = {
				ASSETCATALOG_COMPILER_APPICON_NAME = AppIcon;
				ASSETCATALOG_COMPILER_GLOBAL_ACCENT_COLOR_NAME = AccentColor;
				CODE_SIGN_STYLE = Automatic;
				CURRENT_PROJECT_VERSION = 1;
				GENERATE_INFOPLIST_FILE = YES;
				INFOPLIST_FILE = CalculatorProject/Info.plist;
				INFOPLIST_KEY_UIApplicationSupportsIndirectInputEvents = YES;
				INFOPLIST_KEY_UILaunchStoryboardName = LaunchScreen;
				INFOPLIST_KEY_UIMainStoryboardFile = Main;
				INFOPLIST_KEY_UISupportedInterfaceOrientations_iPad = "UIInterfaceOrientationPortrait UIInterfaceOrientationPortraitUpsideDown UIInterfaceOrientationLandscapeLeft UIInterfaceOrientationLandscapeRight";
				INFOPLIST_KEY_UISupportedInterfaceOrientations_iPhone = "UIInterfaceOrientationPortrait UIInterfaceOrientationLandscapeLeft UIInterfaceOrientationLandscapeRight";
				LD_RUNPATH_SEARCH_PATHS = (
					"$(inherited)",
					"@executable_path/Frameworks",
				);
				MARKETING_VERSION = 1.0;
				PRODUCT_BUNDLE_IDENTIFIER = com.yeonyeon.CalculatorProject;
				PRODUCT_NAME = "$(TARGET_NAME)";
				SUPPORTED_PLATFORMS = "iphoneos iphonesimulator";
				SUPPORTS_MACCATALYST = NO;
				SUPPORTS_MAC_DESIGNED_FOR_IPHONE_IPAD = NO;
				SUPPORTS_XR_DESIGNED_FOR_IPHONE_IPAD = NO;
				SWIFT_EMIT_LOC_STRINGS = YES;
				SWIFT_VERSION = 5.0;
				TARGETED_DEVICE_FAMILY = 1;
			};
			name = Debug;
		};
		75CEDEC02C26B30B00E08236 /* Release */ = {
			isa = XCBuildConfiguration;
			buildSettings = {
				ASSETCATALOG_COMPILER_APPICON_NAME = AppIcon;
				ASSETCATALOG_COMPILER_GLOBAL_ACCENT_COLOR_NAME = AccentColor;
				CODE_SIGN_STYLE = Automatic;
				CURRENT_PROJECT_VERSION = 1;
				GENERATE_INFOPLIST_FILE = YES;
				INFOPLIST_FILE = CalculatorProject/Info.plist;
				INFOPLIST_KEY_UIApplicationSupportsIndirectInputEvents = YES;
				INFOPLIST_KEY_UILaunchStoryboardName = LaunchScreen;
				INFOPLIST_KEY_UIMainStoryboardFile = Main;
				INFOPLIST_KEY_UISupportedInterfaceOrientations_iPad = "UIInterfaceOrientationPortrait UIInterfaceOrientationPortraitUpsideDown UIInterfaceOrientationLandscapeLeft UIInterfaceOrientationLandscapeRight";
				INFOPLIST_KEY_UISupportedInterfaceOrientations_iPhone = "UIInterfaceOrientationPortrait UIInterfaceOrientationLandscapeLeft UIInterfaceOrientationLandscapeRight";
				LD_RUNPATH_SEARCH_PATHS = (
					"$(inherited)",
					"@executable_path/Frameworks",
				);
				MARKETING_VERSION = 1.0;
				PRODUCT_BUNDLE_IDENTIFIER = com.yeonyeon.CalculatorProject;
				PRODUCT_NAME = "$(TARGET_NAME)";
				SUPPORTED_PLATFORMS = "iphoneos iphonesimulator";
				SUPPORTS_MACCATALYST = NO;
				SUPPORTS_MAC_DESIGNED_FOR_IPHONE_IPAD = NO;
				SUPPORTS_XR_DESIGNED_FOR_IPHONE_IPAD = NO;
				SWIFT_EMIT_LOC_STRINGS = YES;
				SWIFT_VERSION = 5.0;
				TARGETED_DEVICE_FAMILY = 1;
			};
			name = Release;
		};
/* End XCBuildConfiguration section */

/* Begin XCConfigurationList section */
		75CEDEA52C26B30600E08236 /* Build configuration list for PBXProject "CalculatorProject" */ = {
			isa = XCConfigurationList;
			buildConfigurations = (
				75CEDEBC2C26B30B00E08236 /* Debug */,
				75CEDEBD2C26B30B00E08236 /* Release */,
			);
			defaultConfigurationIsVisible = 0;
			defaultConfigurationName = Release;
		};
		75CEDEBE2C26B30B00E08236 /* Build configuration list for PBXNativeTarget "CalculatorProject" */ = {
			isa = XCConfigurationList;
			buildConfigurations = (
				75CEDEBF2C26B30B00E08236 /* Debug */,
				75CEDEC02C26B30B00E08236 /* Release */,
			);
			defaultConfigurationIsVisible = 0;
			defaultConfigurationName = Release;
		};
/* End XCConfigurationList section */
	};
	rootObject = 75CEDEA22C26B30600E08236 /* Project object */;
}
